
Microsoft Visual Studio Solution File, Format Version 12.00
# Visual Studio 15
VisualStudioVersion = 15.0.28307.329
MinimumVisualStudioVersion = 10.0.40219.1
Project("{FAE04EC0-301F-11D3-BF4B-00C04F79EFBC}") = "WebApiEx", "WebApiEx\WebApiEx.csproj", "{513D0610-B751-421C-A3EA-0BC3A6EFC5B2}"
EndProject
Project("{FAE04EC0-301F-11D3-BF4B-00C04F79EFBC}") = "WebApiEx.Tests", "WebApiEx.Tests\WebApiEx.Tests.csproj", "{1D40E28E-2802-4F9D-A9DB-66578F5CBE7C}"
EndProject
Project("{FAE04EC0-301F-11D3-BF4B-00C04F79EFBC}") = "BussinessLayer", "BussinessLayer\BussinessLayer.csproj", "{76CCB2A9-BEC4-4201-9A67-38BD1FF6F4CD}"
EndProject
Global
	GlobalSection(SolutionConfigurationPlatforms) = preSolution
		Debug|Any CPU = Debug|Any CPU
		Release|Any CPU = Release|Any CPU
	EndGlobalSection
	GlobalSection(ProjectConfigurationPlatforms) = postSolution
		{513D0610-B751-421C-A3EA-0BC3A6EFC5B2}.Debug|Any CPU.ActiveCfg = Debug|Any CPU
		{513D0610-B751-421C-A3EA-0BC3A6EFC5B2}.Debug|Any CPU.Build.0 = Debug|Any CPU
		{513D0610-B751-421C-A3EA-0BC3A6EFC5B2}.Release|Any CPU.ActiveCfg = Release|Any CPU
		{513D0610-B751-421C-A3EA-0BC3A6EFC5B2}.Release|Any CPU.Build.0 = Release|Any CPU
		{1D40E28E-2802-4F9D-A9DB-66578F5CBE7C}.Debug|Any CPU.ActiveCfg = Debug|Any CPU
		{1D40E28E-2802-4F9D-A9DB-66578F5CBE7C}.Debug|Any CPU.Build.0 = Debug|Any CPU
		{1D40E28E-2802-4F9D-A9DB-66578F5CBE7C}.Release|Any CPU.ActiveCfg = Release|Any CPU
		{1D40E28E-2802-4F9D-A9DB-66578F5CBE7C}.Release|Any CPU.Build.0 = Release|Any CPU
		{76CCB2A9-BEC4-4201-9A67-38BD1FF6F4CD}.Debug|Any CPU.ActiveCfg = Debug|Any CPU
		{76CCB2A9-BEC4-4201-9A67-38BD1FF6F4CD}.Debug|Any CPU.Build.0 = Debug|Any CPU
		{76CCB2A9-BEC4-4201-9A67-38BD1FF6F4CD}.Release|Any CPU.ActiveCfg = Release|Any CPU
		{76CCB2A9-BEC4-4201-9A67-38BD1FF6F4CD}.Release|Any CPU.Build.0 = Release|Any CPU
	EndGlobalSection
	GlobalSection(SolutionProperties) = preSolution
		HideSolutionNode = FALSE
	EndGlobalSection
	GlobalSection(ExtensibilityGlobals) = postSolution
		SolutionGuid = {8814B9DB-E43D-4D08-9D3B-AC76F24116EB}
	EndGlobalSection
EndGlobal
